
Microsoft Visual Studio Solution File, Format Version 12.00
# Visual Studio Version 17
VisualStudioVersion = 17.7.34221.43
MinimumVisualStudioVersion = 10.0.40219.1
Project("{FAE04EC0-301F-11D3-BF4B-00C04F79EFBC}") = "JWTToken", "JWTToken\JWTToken.csproj", "{1CA48EC3-BAFF-45A8-A634-A81EB3625418}"
EndProject
Global
	GlobalSection(SolutionConfigurationPlatforms) = preSolution
		Debug|Any CPU = Debug|Any CPU
		Release|Any CPU = Release|Any CPU
	EndGlobalSection
	GlobalSection(ProjectConfigurationPlatforms) = postSolution
		{1CA48EC3-BAFF-45A8-A634-A81EB3625418}.Debug|Any CPU.ActiveCfg = Debug|Any CPU
		{1CA48EC3-BAFF-45A8-A634-A81EB3625418}.Debug|Any CPU.Build.0 = Debug|Any CPU
		{1CA48EC3-BAFF-45A8-A634-A81EB3625418}.Release|Any CPU.ActiveCfg = Release|Any CPU
		{1CA48EC3-BAFF-45A8-A634-A81EB3625418}.Release|Any CPU.Build.0 = Release|Any CPU
	EndGlobalSection
	GlobalSection(SolutionProperties) = preSolution
		HideSolutionNode = FALSE
	EndGlobalSection
	GlobalSection(ExtensibilityGlobals) = postSolution
		SolutionGuid = {E88A9291-2EA1-411F-81CD-39744075F1A8}
	EndGlobalSection
EndGlobal
